
Microsoft Visual Studio Solution File, Format Version 12.00
# Visual Studio Version 17
VisualStudioVersion = 17.6.33723.286
MinimumVisualStudioVersion = 10.0.40219.1
Project("{FAE04EC0-301F-11D3-BF4B-00C04F79EFBC}") = "CalcHypotenuse", "CalcHypotenuse\CalcHypotenuse.csproj", "{C76652DC-55A3-4372-B838-4583533DF426}"
EndProject
Global
	GlobalSection(SolutionConfigurationPlatforms) = preSolution
		Debug|Any CPU = Debug|Any CPU
		Release|Any CPU = Release|Any CPU
	EndGlobalSection
	GlobalSection(ProjectConfigurationPlatforms) = postSolution
		{C76652DC-55A3-4372-B838-4583533DF426}.Debug|Any CPU.ActiveCfg = Debug|Any CPU
		{C76652DC-55A3-4372-B838-4583533DF426}.Debug|Any CPU.Build.0 = Debug|Any CPU
		{C76652DC-55A3-4372-B838-4583533DF426}.Release|Any CPU.ActiveCfg = Release|Any CPU
		{C76652DC-55A3-4372-B838-4583533DF426}.Release|Any CPU.Build.0 = Release|Any CPU
	EndGlobalSection
	GlobalSection(SolutionProperties) = preSolution
		HideSolutionNode = FALSE
	EndGlobalSection
	GlobalSection(ExtensibilityGlobals) = postSolution
		SolutionGuid = {F2A9B1F9-7F94-4C8C-879E-C66D54ED2DF3}
	EndGlobalSection
EndGlobal
